
Microsoft Visual Studio Solution File, Format Version 12.00
# Visual Studio Version 17
VisualStudioVersion = 17.4.33110.190
MinimumVisualStudioVersion = 10.0.40219.1
Project("{FAE04EC0-301F-11D3-BF4B-00C04F79EFBC}") = "Завдання", "Завдання\Завдання.csproj", "{9158BF2F-C0A6-49D6-A854-9BB3FC981DE4}"
EndProject
Global
	GlobalSection(SolutionConfigurationPlatforms) = preSolution
		Debug|Any CPU = Debug|Any CPU
		Release|Any CPU = Release|Any CPU
	EndGlobalSection
	GlobalSection(ProjectConfigurationPlatforms) = postSolution
		{9158BF2F-C0A6-49D6-A854-9BB3FC981DE4}.Debug|Any CPU.ActiveCfg = Debug|Any CPU
		{9158BF2F-C0A6-49D6-A854-9BB3FC981DE4}.Debug|Any CPU.Build.0 = Debug|Any CPU
		{9158BF2F-C0A6-49D6-A854-9BB3FC981DE4}.Release|Any CPU.ActiveCfg = Release|Any CPU
		{9158BF2F-C0A6-49D6-A854-9BB3FC981DE4}.Release|Any CPU.Build.0 = Release|Any CPU
	EndGlobalSection
	GlobalSection(SolutionProperties) = preSolution
		HideSolutionNode = FALSE
	EndGlobalSection
	GlobalSection(ExtensibilityGlobals) = postSolution
		SolutionGuid = {88093EF3-0083-4C8C-9061-E0EDF8E79455}
	EndGlobalSection
EndGlobal
